
Microsoft Visual Studio Solution File, Format Version 12.00
# Visual Studio Version 17
VisualStudioVersion = 17.8.34309.116
MinimumVisualStudioVersion = 10.0.40219.1
Project("{8BC9CEB8-8B4A-11D0-8D11-00A0C91BC942}") = "game", "game\game.vcxproj", "{AF7ECF96-78D3-4970-B3CE-32B2000AC54A}"
EndProject
Global
	GlobalSection(SolutionConfigurationPlatforms) = preSolution
		Debug|x64 = Debug|x64
		Debug|x86 = Debug|x86
		Release|x64 = Release|x64
		Release|x86 = Release|x86
	EndGlobalSection
	GlobalSection(ProjectConfigurationPlatforms) = postSolution
		{AF7ECF96-78D3-4970-B3CE-32B2000AC54A}.Debug|x64.ActiveCfg = Debug|x64
		{AF7ECF96-78D3-4970-B3CE-32B2000AC54A}.Debug|x64.Build.0 = Debug|x64
		{AF7ECF96-78D3-4970-B3CE-32B2000AC54A}.Debug|x86.ActiveCfg = Debug|Win32
		{AF7ECF96-78D3-4970-B3CE-32B2000AC54A}.Debug|x86.Build.0 = Debug|Win32
		{AF7ECF96-78D3-4970-B3CE-32B2000AC54A}.Release|x64.ActiveCfg = Release|x64
		{AF7ECF96-78D3-4970-B3CE-32B2000AC54A}.Release|x64.Build.0 = Release|x64
		{AF7ECF96-78D3-4970-B3CE-32B2000AC54A}.Release|x86.ActiveCfg = Release|Win32
		{AF7ECF96-78D3-4970-B3CE-32B2000AC54A}.Release|x86.Build.0 = Release|Win32
	EndGlobalSection
	GlobalSection(SolutionProperties) = preSolution
		HideSolutionNode = FALSE
	EndGlobalSection
	GlobalSection(ExtensibilityGlobals) = postSolution
		SolutionGuid = {B1259115-C57A-46B3-A4A5-E177488A2483}
	EndGlobalSection
EndGlobal
