
Microsoft Visual Studio Solution File, Format Version 12.00
# Visual Studio Version 17
VisualStudioVersion = 17.8.34309.116
MinimumVisualStudioVersion = 10.0.40219.1
Project("{8BC9CEB8-8B4A-11D0-8D11-00A0C91BC942}") = "操作符", "操作符\操作符.vcxproj", "{303D1637-D792-4BAD-A139-C9B8B9EC8923}"
EndProject
Global
	GlobalSection(SolutionConfigurationPlatforms) = preSolution
		Debug|x64 = Debug|x64
		Debug|x86 = Debug|x86
		Release|x64 = Release|x64
		Release|x86 = Release|x86
	EndGlobalSection
	GlobalSection(ProjectConfigurationPlatforms) = postSolution
		{303D1637-D792-4BAD-A139-C9B8B9EC8923}.Debug|x64.ActiveCfg = Debug|x64
		{303D1637-D792-4BAD-A139-C9B8B9EC8923}.Debug|x64.Build.0 = Debug|x64
		{303D1637-D792-4BAD-A139-C9B8B9EC8923}.Debug|x86.ActiveCfg = Debug|Win32
		{303D1637-D792-4BAD-A139-C9B8B9EC8923}.Debug|x86.Build.0 = Debug|Win32
		{303D1637-D792-4BAD-A139-C9B8B9EC8923}.Release|x64.ActiveCfg = Release|x64
		{303D1637-D792-4BAD-A139-C9B8B9EC8923}.Release|x64.Build.0 = Release|x64
		{303D1637-D792-4BAD-A139-C9B8B9EC8923}.Release|x86.ActiveCfg = Release|Win32
		{303D1637-D792-4BAD-A139-C9B8B9EC8923}.Release|x86.Build.0 = Release|Win32
	EndGlobalSection
	GlobalSection(SolutionProperties) = preSolution
		HideSolutionNode = FALSE
	EndGlobalSection
	GlobalSection(ExtensibilityGlobals) = postSolution
		SolutionGuid = {314425D6-876B-4F32-A5AF-4E35915AD899}
	EndGlobalSection
EndGlobal
