
Microsoft Visual Studio Solution File, Format Version 12.00
# Visual Studio Version 17
VisualStudioVersion = 17.8.34309.116
MinimumVisualStudioVersion = 10.0.40219.1
Project("{8BC9CEB8-8B4A-11D0-8D11-00A0C91BC942}") = "练习", "练习\练习.vcxproj", "{FEA4F252-8FDD-4E95-BEF7-2BA8C3209565}"
EndProject
Global
	GlobalSection(SolutionConfigurationPlatforms) = preSolution
		Debug|x64 = Debug|x64
		Debug|x86 = Debug|x86
		Release|x64 = Release|x64
		Release|x86 = Release|x86
	EndGlobalSection
	GlobalSection(ProjectConfigurationPlatforms) = postSolution
		{FEA4F252-8FDD-4E95-BEF7-2BA8C3209565}.Debug|x64.ActiveCfg = Debug|x64
		{FEA4F252-8FDD-4E95-BEF7-2BA8C3209565}.Debug|x64.Build.0 = Debug|x64
		{FEA4F252-8FDD-4E95-BEF7-2BA8C3209565}.Debug|x86.ActiveCfg = Debug|Win32
		{FEA4F252-8FDD-4E95-BEF7-2BA8C3209565}.Debug|x86.Build.0 = Debug|Win32
		{FEA4F252-8FDD-4E95-BEF7-2BA8C3209565}.Release|x64.ActiveCfg = Release|x64
		{FEA4F252-8FDD-4E95-BEF7-2BA8C3209565}.Release|x64.Build.0 = Release|x64
		{FEA4F252-8FDD-4E95-BEF7-2BA8C3209565}.Release|x86.ActiveCfg = Release|Win32
		{FEA4F252-8FDD-4E95-BEF7-2BA8C3209565}.Release|x86.Build.0 = Release|Win32
	EndGlobalSection
	GlobalSection(SolutionProperties) = preSolution
		HideSolutionNode = FALSE
	EndGlobalSection
	GlobalSection(ExtensibilityGlobals) = postSolution
		SolutionGuid = {B48CC799-5B4F-40AB-8BED-1C669CBC0F0F}
	EndGlobalSection
EndGlobal
