
Microsoft Visual Studio Solution File, Format Version 12.00
# Visual Studio Version 17
VisualStudioVersion = 17.8.34309.116
MinimumVisualStudioVersion = 10.0.40219.1
Project("{8BC9CEB8-8B4A-11D0-8D11-00A0C91BC942}") = "4_30", "4_30\4_30.vcxproj", "{E98CA21C-F001-46D5-A807-EE9185293667}"
EndProject
Global
	GlobalSection(SolutionConfigurationPlatforms) = preSolution
		Debug|x64 = Debug|x64
		Debug|x86 = Debug|x86
		Release|x64 = Release|x64
		Release|x86 = Release|x86
	EndGlobalSection
	GlobalSection(ProjectConfigurationPlatforms) = postSolution
		{E98CA21C-F001-46D5-A807-EE9185293667}.Debug|x64.ActiveCfg = Debug|x64
		{E98CA21C-F001-46D5-A807-EE9185293667}.Debug|x64.Build.0 = Debug|x64
		{E98CA21C-F001-46D5-A807-EE9185293667}.Debug|x86.ActiveCfg = Debug|Win32
		{E98CA21C-F001-46D5-A807-EE9185293667}.Debug|x86.Build.0 = Debug|Win32
		{E98CA21C-F001-46D5-A807-EE9185293667}.Release|x64.ActiveCfg = Release|x64
		{E98CA21C-F001-46D5-A807-EE9185293667}.Release|x64.Build.0 = Release|x64
		{E98CA21C-F001-46D5-A807-EE9185293667}.Release|x86.ActiveCfg = Release|Win32
		{E98CA21C-F001-46D5-A807-EE9185293667}.Release|x86.Build.0 = Release|Win32
	EndGlobalSection
	GlobalSection(SolutionProperties) = preSolution
		HideSolutionNode = FALSE
	EndGlobalSection
	GlobalSection(ExtensibilityGlobals) = postSolution
		SolutionGuid = {68F00701-DABF-4EE2-A7A9-EFC6FF92FF57}
	EndGlobalSection
EndGlobal
